// !$*UTF8*$!
{
	archiveVersion = 1;
	classes = {
	};
	objectVersion = 46;
	objects = {

/* Begin PBXBuildFile section */
		9B98C4CF1A6B0FAF00732892 /* main.m in Sources */ = {isa = PBXBuildFile; fileRef = 9B98C4CE1A6B0FAF00732892 /* main.m */; };
		9B98C4D21A6B0FAF00732892 /* AppDelegate.m in Sources */ = {isa = PBXBuildFile; fileRef = 9B98C4D11A6B0FAF00732892 /* AppDelegate.m */; };
		9B98C4D51A6B0FAF00732892 /* ViewController.m in Sources */ = {isa = PBXBuildFile; fileRef = 9B98C4D41A6B0FAF00732892 /* ViewController.m */; };
		9B98C4D81A6B0FAF00732892 /* Main.storyboard in Resources */ = {isa = PBXBuildFile; fileRef = 9B98C4D61A6B0FAF00732892 /* Main.storyboard */; };
		9B98C4DA1A6B0FAF00732892 /* Images.xcassets in Resources */ = {isa = PBXBuildFile; fileRef = 9B98C4D91A6B0FAF00732892 /* Images.xcassets */; };
		9B98C4DD1A6B0FAF00732892 /* LaunchScreen.xib in Resources */ = {isa = PBXBuildFile; fileRef = 9B98C4DB1A6B0FAF00732892 /* LaunchScreen.xib */; };
		9B98C4E91A6B0FB000732892 /* ReadyTests.m in Sources */ = {isa = PBXBuildFile; fileRef = 9B98C4E81A6B0FB000732892 /* ReadyTests.m */; };
/* End PBXBuildFile section */

/* Begin PBXContainerItemProxy section */
		9B98C4E31A6B0FB000732892 /* PBXContainerItemProxy */ = {
			isa = PBXContainerItemProxy;
			containerPortal = 9B98C4C11A6B0FAF00732892 /* Project object */;
			proxyType = 1;
			remoteGlobalIDString = 9B98C4C81A6B0FAF00732892;
			remoteInfo = Ready;
		};
/* End PBXContainerItemProxy section */

/* Begin PBXFileReference section */
		9B98C4C91A6B0FAF00732892 /* Ready.app */ = {isa = PBXFileReference; explicitFileType = wrapper.application; includeInIndex = 0; path = Ready.app; sourceTree = BUILT_PRODUCTS_DIR; };
		9B98C4CD1A6B0FAF00732892 /* Info.plist */ = {isa = PBXFileReference; lastKnownFileType = text.plist.xml; path = Info.plist; sourceTree = "<group>"; };
		9B98C4CE1A6B0FAF00732892 /* main.m */ = {isa = PBXFileReference; lastKnownFileType = sourcecode.c.objc; path = main.m; sourceTree = "<group>"; };
		9B98C4D01A6B0FAF00732892 /* AppDelegate.h */ = {isa = PBXFileReference; lastKnownFileType = sourcecode.c.h; path = AppDelegate.h; sourceTree = "<group>"; };
		9B98C4D11A6B0FAF00732892 /* AppDelegate.m */ = {isa = PBXFileReference; lastKnownFileType = sourcecode.c.objc; path = AppDelegate.m; sourceTree = "<group>"; };
		9B98C4D31A6B0FAF00732892 /* ViewController.h */ = {isa = PBXFileReference; lastKnownFileType = sourcecode.c.h; path = ViewController.h; sourceTree = "<group>"; };
		9B98C4D41A6B0FAF00732892 /* ViewController.m */ = {isa = PBXFileReference; lastKnownFileType = sourcecode.c.objc; path = ViewController.m; sourceTree = "<group>"; };
		9B98C4D71A6B0FAF00732892 /* Base */ = {isa = PBXFileReference; lastKnownFileType = file.storyboard; name = Base; path = Base.lproj/Main.storyboard; sourceTree = "<group>"; };
		9B98C4D91A6B0FAF00732892 /* Images.xcassets */ = {isa = PBXFileReference; lastKnownFileType = folder.assetcatalog; path = Images.xcassets; sourceTree = "<group>"; };
		9B98C4DC1A6B0FAF00732892 /* Base */ = {isa = PBXFileReference; lastKnownFileType = file.xib; name = Base; path = Base.lproj/LaunchScreen.xib; sourceTree = "<group>"; };
		9B98C4E21A6B0FB000732892 /* ReadyTests.xctest */ = {isa = PBXFileReference; explicitFileType = wrapper.cfbundle; includeInIndex = 0; path = ReadyTests.xctest; sourceTree = BUILT_PRODUCTS_DIR; };
		9B98C4E71A6B0FB000732892 /* Info.plist */ = {isa = PBXFileReference; lastKnownFileType = text.plist.xml; path = Info.plist; sourceTree = "<group>"; };
		9B98C4E81A6B0FB000732892 /* ReadyTests.m */ = {isa = PBXFileReference; lastKnownFileType = sourcecode.c.objc; path = ReadyTests.m; sourceTree = "<group>"; };
/* End PBXFileReference section */

/* Begin PBXFrameworksBuildPhase section */
		9B98C4C61A6B0FAF00732892 /* Frameworks */ = {
			isa = PBXFrameworksBuildPhase;
			buildActionMask = 2147483647;
			files = (
			);
			runOnlyForDeploymentPostprocessing = 0;
		};
		9B98C4DF1A6B0FB000732892 /* Frameworks */ = {
			isa = PBXFrameworksBuildPhase;
			buildActionMask = 2147483647;
			files = (
			);
			runOnlyForDeploymentPostprocessing = 0;
		};
/* End PBXFrameworksBuildPhase section */

/* Begin PBXGroup section */
		9B98C4C01A6B0FAF00732892 = {
			isa = PBXGroup;
			children = (
				9B98C4CB1A6B0FAF00732892 /* Ready */,
				9B98C4E51A6B0FB000732892 /* ReadyTests */,
				9B98C4CA1A6B0FAF00732892 /* Products */,
			);
			sourceTree = "<group>";
		};
		9B98C4CA1A6B0FAF00732892 /* Products */ = {
			isa = PBXGroup;
			children = (
				9B98C4C91A6B0FAF00732892 /* Ready.app */,
				9B98C4E21A6B0FB000732892 /* ReadyTests.xctest */,
			);
			name = Products;
			sourceTree = "<group>";
		};
		9B98C4CB1A6B0FAF00732892 /* Ready */ = {
			isa = PBXGroup;
			children = (
				9B98C4D01A6B0FAF00732892 /* AppDelegate.h */,
				9B98C4D11A6B0FAF00732892 /* AppDelegate.m */,
				9B98C4D31A6B0FAF00732892 /* ViewController.h */,
				9B98C4D41A6B0FAF00732892 /* ViewController.m */,
				9B98C4D61A6B0FAF00732892 /* Main.storyboard */,
				9B98C4D91A6B0FAF00732892 /* Images.xcassets */,
				9B98C4DB1A6B0FAF00732892 /* LaunchScreen.xib */,
				9B98C4CC1A6B0FAF00732892 /* Supporting Files */,
			);
			path = Ready;
			sourceTree = "<group>";
		};
		9B98C4CC1A6B0FAF00732892 /* Supporting Files */ = {
			isa = PBXGroup;
			children = (
				9B98C4CD1A6B0FAF00732892 /* Info.plist */,
				9B98C4CE1A6B0FAF00732892 /* main.m */,
			);
			name = "Supporting Files";
			sourceTree = "<group>";
		};
		9B98C4E51A6B0FB000732892 /* ReadyTests */ = {
			isa = PBXGroup;
			children = (
				9B98C4E81A6B0FB000732892 /* ReadyTests.m */,
				9B98C4E61A6B0FB000732892 /* Supporting Files */,
			);
			path = ReadyTests;
			sourceTree = "<group>";
		};
		9B98C4E61A6B0FB000732892 /* Supporting Files */ = {
			isa = PBXGroup;
			children = (
				9B98C4E71A6B0FB000732892 /* Info.plist */,
			);
			name = "Supporting Files";
			sourceTree = "<group>";
		};
/* End PBXGroup section */

/* Begin PBXNativeTarget section */
		9B98C4C81A6B0FAF00732892 /* Ready */ = {
			isa = PBXNativeTarget;
			buildConfigurationList = 9B98C4EC1A6B0FB000732892 /* Build configuration list for PBXNativeTarget "Ready" */;
			buildPhases = (
				9B98C4C51A6B0FAF00732892 /* Sources */,
				9B98C4C61A6B0FAF00732892 /* Frameworks */,
				9B98C4C71A6B0FAF00732892 /* Resources */,
			);
			buildRules = (
			);
			dependencies = (
			);
			name = Ready;
			productName = Ready;
			productReference = 9B98C4C91A6B0FAF00732892 /* Ready.app */;
			productType = "com.apple.product-type.application";
		};
		9B98C4E11A6B0FB000732892 /* ReadyTests */ = {
			isa = PBXNativeTarget;
			buildConfigurationList = 9B98C4EF1A6B0FB000732892 /* Build configuration list for PBXNativeTarget "ReadyTests" */;
			buildPhases = (
				9B98C4DE1A6B0FB000732892 /* Sources */,
				9B98C4DF1A6B0FB000732892 /* Frameworks */,
				9B98C4E01A6B0FB000732892 /* Resources */,
			);
			buildRules = (
			);
			dependencies = (
				9B98C4E41A6B0FB000732892 /* PBXTargetDependency */,
			);
			name = ReadyTests;
			productName = ReadyTests;
			productReference = 9B98C4E21A6B0FB000732892 /* ReadyTests.xctest */;
			productType = "com.apple.product-type.bundle.unit-test";
		};
/* End PBXNativeTarget section */

/* Begin PBXProject section */
		9B98C4C11A6B0FAF00732892 /* Project object */ = {
			isa = PBXProject;
			attributes = {
				LastUpgradeCheck = 0610;
				ORGANIZATIONNAME = LetUsRock;
				TargetAttributes = {
					9B98C4C81A6B0FAF00732892 = {
						CreatedOnToolsVersion = 6.1.1;
					};
					9B98C4E11A6B0FB000732892 = {
						CreatedOnToolsVersion = 6.1.1;
						TestTargetID = 9B98C4C81A6B0FAF00732892;
					};
				};
			};
			buildConfigurationList = 9B98C4C41A6B0FAF00732892 /* Build configuration list for PBXProject "Ready" */;
			compatibilityVersion = "Xcode 3.2";
			developmentRegion = English;
			hasScannedForEncodings = 0;
			knownRegions = (
				en,
				Base,
			);
			mainGroup = 9B98C4C01A6B0FAF00732892;
			productRefGroup = 9B98C4CA1A6B0FAF00732892 /* Products */;
			projectDirPath = "";
			projectRoot = "";
			targets = (
				9B98C4C81A6B0FAF00732892 /* Ready */,
				9B98C4E11A6B0FB000732892 /* ReadyTests */,
			);
		};
/* End PBXProject section */

/* Begin PBXResourcesBuildPhase section */
		9B98C4C71A6B0FAF00732892 /* Resources */ = {
			isa = PBXResourcesBuildPhase;
			buildActionMask = 2147483647;
			files = (
				9B98C4D81A6B0FAF00732892 /* Main.storyboard in Resources */,
				9B98C4DD1A6B0FAF00732892 /* LaunchScreen.xib in Resources */,
				9B98C4DA1A6B0FAF00732892 /* Images.xcassets in Resources */,
			);
			runOnlyForDeploymentPostprocessing = 0;
		};
		9B98C4E01A6B0FB000732892 /* Resources */ = {
			isa = PBXResourcesBuildPhase;
			buildActionMask = 2147483647;
			files = (
			);
			runOnlyForDeploymentPostprocessing = 0;
		};
/* End PBXResourcesBuildPhase section */

/* Begin PBXSourcesBuildPhase section */
		9B98C4C51A6B0FAF00732892 /* Sources */ = {
			isa = PBXSourcesBuildPhase;
			buildActionMask = 2147483647;
			files = (
				9B98C4D51A6B0FAF00732892 /* ViewController.m in Sources */,
				9B98C4D21A6B0FAF00732892 /* AppDelegate.m in Sources */,
				9B98C4CF1A6B0FAF00732892 /* main.m in Sources */,
			);
			runOnlyForDeploymentPostprocessing = 0;
		};
		9B98C4DE1A6B0FB000732892 /* Sources */ = {
			isa = PBXSourcesBuildPhase;
			buildActionMask = 2147483647;
			files = (
				9B98C4E91A6B0FB000732892 /* ReadyTests.m in Sources */,
			);
			runOnlyForDeploymentPostprocessing = 0;
		};
/* End PBXSourcesBuildPhase section */

/* Begin PBXTargetDependency section */
		9B98C4E41A6B0FB000732892 /* PBXTargetDependency */ = {
			isa = PBXTargetDependency;
			target = 9B98C4C81A6B0FAF00732892 /* Ready */;
			targetProxy = 9B98C4E31A6B0FB000732892 /* PBXContainerItemProxy */;
		};
/* End PBXTargetDependency section */

/* Begin PBXVariantGroup section */
		9B98C4D61A6B0FAF00732892 /* Main.storyboard */ = {
			isa = PBXVariantGroup;
			children = (
				9B98C4D71A6B0FAF00732892 /* Base */,
			);
			name = Main.storyboard;
			sourceTree = "<group>";
		};
		9B98C4DB1A6B0FAF00732892 /* LaunchScreen.xib */ = {
			isa = PBXVariantGroup;
			children = (
				9B98C4DC1A6B0FAF00732892 /* Base */,
			);
			name = LaunchScreen.xib;
			sourceTree = "<group>";
		};
/* End PBXVariantGroup section */

/* Begin XCBuildConfiguration section */
		9B98C4EA1A6B0FB000732892 /* Debug */ = {
			isa = XCBuildConfiguration;
			buildSettings = {
				ALWAYS_SEARCH_USER_PATHS = NO;
				CLANG_CXX_LANGUAGE_STANDARD = "gnu++0x";
				CLANG_CXX_LIBRARY = "libc++";
				CLANG_ENABLE_MODULES = YES;
				CLANG_ENABLE_OBJC_ARC = YES;
				CLANG_WARN_BOOL_CONVERSION = YES;
				CLANG_WARN_CONSTANT_CONVERSION = YES;
				CLANG_WARN_DIRECT_OBJC_ISA_USAGE = YES_ERROR;
				CLANG_WARN_EMPTY_BODY = YES;
				CLANG_WARN_ENUM_CONVERSION = YES;
				CLANG_WARN_INT_CONVERSION = YES;
				CLANG_WARN_OBJC_ROOT_CLASS = YES_ERROR;
				CLANG_WARN_UNREACHABLE_CODE = YES;
				CLANG_WARN__DUPLICATE_METHOD_MATCH = YES;
				"CODE_SIGN_IDENTITY[sdk=iphoneos*]" = "iPhone Developer";
				COPY_PHASE_STRIP = NO;
				ENABLE_STRICT_OBJC_MSGSEND = YES;
				GCC_C_LANGUAGE_STANDARD = gnu99;
				GCC_DYNAMIC_NO_PIC = NO;
				GCC_OPTIMIZATION_LEVEL = 0;
				GCC_PREPROCESSOR_DEFINITIONS = (
					"DEBUG=1",
					"$(inherited)",
				);
				GCC_SYMBOLS_PRIVATE_EXTERN = NO;
				GCC_WARN_64_TO_32_BIT_CONVERSION = YES;
				GCC_WARN_ABOUT_RETURN_TYPE = YES_ERROR;
				GCC_WARN_UNDECLARED_SELECTOR = YES;
				GCC_WARN_UNINITIALIZED_AUTOS = YES_AGGRESSIVE;
				GCC_WARN_UNUSED_FUNCTION = YES;
				GCC_WARN_UNUSED_VARIABLE = YES;
				IPHONEOS_DEPLOYMENT_TARGET = 8.1;
				MTL_ENABLE_DEBUG_INFO = YES;
				ONLY_ACTIVE_ARCH = YES;
				SDKROOT = iphoneos;
			};
			name = Debug;
		};
		9B98C4EB1A6B0FB000732892 /* Release */ = {
			isa = XCBuildConfiguration;
			buildSettings = {
				ALWAYS_SEARCH_USER_PATHS = NO;
				CLANG_CXX_LANGUAGE_STANDARD = "gnu++0x";
				CLANG_CXX_LIBRARY = "libc++";
				CLANG_ENABLE_MODULES = YES;
				CLANG_ENABLE_OBJC_ARC = YES;
				CLANG_WARN_BOOL_CONVERSION = YES;
				CLANG_WARN_CONSTANT_CONVERSION = YES;
				CLANG_WARN_DIRECT_OBJC_ISA_USAGE = YES_ERROR;
				CLANG_WARN_EMPTY_BODY = YES;
				CLANG_WARN_ENUM_CONVERSION = YES;
				CLANG_WARN_INT_CONVERSION = YES;
				CLANG_WARN_OBJC_ROOT_CLASS = YES_ERROR;
				CLANG_WARN_UNREACHABLE_CODE = YES;
				CLANG_WARN__DUPLICATE_METHOD_MATCH = YES;
				"CODE_SIGN_IDENTITY[sdk=iphoneos*]" = "iPhone Developer";
				COPY_PHASE_STRIP = YES;
				ENABLE_NS_ASSERTIONS = NO;
				ENABLE_STRICT_OBJC_MSGSEND = YES;
				GCC_C_LANGUAGE_STANDARD = gnu99;
				GCC_WARN_64_TO_32_BIT_CONVERSION = YES;
				GCC_WARN_ABOUT_RETURN_TYPE = YES_ERROR;
				GCC_WARN_UNDECLARED_SELECTOR = YES;
				GCC_WARN_UNINITIALIZED_AUTOS = YES_AGGRESSIVE;
				GCC_WARN_UNUSED_FUNCTION = YES;
				GCC_WARN_UNUSED_VARIABLE = YES;
				IPHONEOS_DEPLOYMENT_TARGET = 8.1;
				MTL_ENABLE_DEBUG_INFO = NO;
				SDKROOT = iphoneos;
				VALIDATE_PRODUCT = YES;
			};
			name = Release;
		};
		9B98C4ED1A6B0FB000732892 /* Debug */ = {
			isa = XCBuildConfiguration;
			buildSettings = {
				ASSETCATALOG_COMPILER_APPICON_NAME = AppIcon;
				INFOPLIST_FILE = Ready/Info.plist;
				LD_RUNPATH_SEARCH_PATHS = "$(inherited) @executable_path/Frameworks";
				PRODUCT_NAME = "$(TARGET_NAME)";
			};
			name = Debug;
		};
		9B98C4EE1A6B0FB000732892 /* Release */ = {
			isa = XCBuildConfiguration;
			buildSettings = {
				ASSETCATALOG_COMPILER_APPICON_NAME = AppIcon;
				INFOPLIST_FILE = Ready/Info.plist;
				LD_RUNPATH_SEARCH_PATHS = "$(inherited) @executable_path/Frameworks";
				PRODUCT_NAME = "$(TARGET_NAME)";
			};
			name = Release;
		};
		9B98C4F01A6B0FB000732892 /* Debug */ = {
			isa = XCBuildConfiguration;
			buildSettings = {
				BUNDLE_LOADER = "$(TEST_HOST)";
				FRAMEWORK_SEARCH_PATHS = (
					"$(SDKROOT)/Developer/Library/Frameworks",
					"$(inherited)",
				);
				GCC_PREPROCESSOR_DEFINITIONS = (
					"DEBUG=1",
					"$(inherited)",
				);
				INFOPLIST_FILE = ReadyTests/Info.plist;
				LD_RUNPATH_SEARCH_PATHS = "$(inherited) @executable_path/Frameworks @loader_path/Frameworks";
				PRODUCT_NAME = "$(TARGET_NAME)";
				TEST_HOST = "$(BUILT_PRODUCTS_DIR)/Ready.app/Ready";
			};
			name = Debug;
		};
		9B98C4F11A6B0FB000732892 /* Release */ = {
			isa = XCBuildConfiguration;
			buildSettings = {
				BUNDLE_LOADER = "$(TEST_HOST)";
				FRAMEWORK_SEARCH_PATHS = (
					"$(SDKROOT)/Developer/Library/Frameworks",
					"$(inherited)",
				);
				INFOPLIST_FILE = ReadyTests/Info.plist;
				LD_RUNPATH_SEARCH_PATHS = "$(inherited) @executable_path/Frameworks @loader_path/Frameworks";
				PRODUCT_NAME = "$(TARGET_NAME)";
				TEST_HOST = "$(BUILT_PRODUCTS_DIR)/Ready.app/Ready";
			};
			name = Release;
		};
/* End XCBuildConfiguration section */

/* Begin XCConfigurationList section */
		9B98C4C41A6B0FAF00732892 /* Build configuration list for PBXProject "Ready" */ = {
			isa = XCConfigurationList;
			buildConfigurations = (
				9B98C4EA1A6B0FB000732892 /* Debug */,
				9B98C4EB1A6B0FB000732892 /* Release */,
			);
			defaultConfigurationIsVisible = 0;
			defaultConfigurationName = Release;
		};
		9B98C4EC1A6B0FB000732892 /* Build configuration list for PBXNativeTarget "Ready" */ = {
			isa = XCConfigurationList;
			buildConfigurations = (
				9B98C4ED1A6B0FB000732892 /* Debug */,
				9B98C4EE1A6B0FB000732892 /* Release */,
			);
			defaultConfigurationIsVisible = 0;
		};
		9B98C4EF1A6B0FB000732892 /* Build configuration list for PBXNativeTarget "ReadyTests" */ = {
			isa = XCConfigurationList;
			buildConfigurations = (
				9B98C4F01A6B0FB000732892 /* Debug */,
				9B98C4F11A6B0FB000732892 /* Release */,
			);
			defaultConfigurationIsVisible = 0;
		};
/* End XCConfigurationList section */
	};
	rootObject = 9B98C4C11A6B0FAF00732892 /* Project object */;
}
